
Microsoft Visual Studio Solution File, Format Version 12.00
# Visual Studio 15
VisualStudioVersion = 15.0.26430.16
MinimumVisualStudioVersion = 10.0.40219.1
Project("{FAE04EC0-301F-11D3-BF4B-00C04F79EFBC}") = "DSAWorkshop", "DSAWorkshop\DSAWorkshop.csproj", "{8AAB2294-7232-45A3-86AD-53F6DC3E4D4C}"
EndProject
Project("{FAE04EC0-301F-11D3-BF4B-00C04F79EFBC}") = "CokiSkoki", "CokiSkoki\CokiSkoki.csproj", "{259CAFE8-7749-45F6-981D-1C51AA993850}"
EndProject
Project("{FAE04EC0-301F-11D3-BF4B-00C04F79EFBC}") = "MessagesInBottle", "MessagesInBottle\MessagesInBottle.csproj", "{332A4E2B-C93B-4F3F-898C-9B69294E2DA2}"
EndProject
Project("{FAE04EC0-301F-11D3-BF4B-00C04F79EFBC}") = "JediMeditation", "JediMeditation\JediMeditation.csproj", "{1976F070-395C-4BEE-A054-8C42737CC944}"
EndProject
Project("{FAE04EC0-301F-11D3-BF4B-00C04F79EFBC}") = "LargestAreaInMatrix", "LargestAreaInMatrix\LargestAreaInMatrix.csproj", "{48DEB6BF-7298-4FFF-8BC7-35E418B6AE86}"
EndProject
Project("{FAE04EC0-301F-11D3-BF4B-00C04F79EFBC}") = "Actions", "Actions\Actions.csproj", "{ED5CB1D6-3D16-494B-B2BD-3987F7B53D8E}"
EndProject
Project("{FAE04EC0-301F-11D3-BF4B-00C04F79EFBC}") = "LargestAreaInMatrixDFSIterating", "LargestAreaInMatrixDFSIterating\LargestAreaInMatrixDFSIterating.csproj", "{241A7991-4BFF-4773-816C-DA771976E583}"
EndProject
Project("{FAE04EC0-301F-11D3-BF4B-00C04F79EFBC}") = "LargestAreaInMatrixBFS", "LargestAreaInMatrixBFS\LargestAreaInMatrixBFS.csproj", "{60E21626-5BF9-4FC5-B42F-73161715CC18}"
EndProject
Project("{FAE04EC0-301F-11D3-BF4B-00C04F79EFBC}") = "Resources", "Resources\Resources.csproj", "{45F4ACAB-B0B2-4EFE-AD79-51B3A69B5C59}"
EndProject
Project("{FAE04EC0-301F-11D3-BF4B-00C04F79EFBC}") = "PlayerRanking", "PlayerRanking\PlayerRanking.csproj", "{8FB285D2-CC86-46E0-9E9C-ECC3456EB434}"
EndProject
Project("{FAE04EC0-301F-11D3-BF4B-00C04F79EFBC}") = "Slogan", "Slogan\Slogan.csproj", "{06494AB0-42B9-4C73-B631-7CF2E4334A41}"
EndProject
Project("{FAE04EC0-301F-11D3-BF4B-00C04F79EFBC}") = "UnitsOfWork", "UnitsOfWork\UnitsOfWork.csproj", "{E7714EE7-4F60-4D2A-88B6-2BCB7C0DDFF2}"
EndProject
Project("{FAE04EC0-301F-11D3-BF4B-00C04F79EFBC}") = "ShortestPathInGraphBFS", "ShortestPathInGraphBFS\ShortestPathInGraphBFS.csproj", "{6FBAB9F9-8F02-4C29-9650-C812DD3D0707}"
EndProject
Project("{FAE04EC0-301F-11D3-BF4B-00C04F79EFBC}") = "ShortestLongestPathInWeightedGraphDijkstra", "ShortestLongestPathInWeightedGraphDijkstra\ShortestLongestPathInWeightedGraphDijkstra.csproj", "{CEE58370-4FD1-4F45-9E4B-D5B2761AFB8C}"
EndProject
Project("{FAE04EC0-301F-11D3-BF4B-00C04F79EFBC}") = "Bridgess", "Bridgess\Bridgess.csproj", "{B7507C47-67D4-4343-A1AA-F2FB4C9FEF29}"
EndProject
Global
	GlobalSection(SolutionConfigurationPlatforms) = preSolution
		Debug|Any CPU = Debug|Any CPU
		Release|Any CPU = Release|Any CPU
	EndGlobalSection
	GlobalSection(ProjectConfigurationPlatforms) = postSolution
		{8AAB2294-7232-45A3-86AD-53F6DC3E4D4C}.Debug|Any CPU.ActiveCfg = Debug|Any CPU
		{8AAB2294-7232-45A3-86AD-53F6DC3E4D4C}.Debug|Any CPU.Build.0 = Debug|Any CPU
		{8AAB2294-7232-45A3-86AD-53F6DC3E4D4C}.Release|Any CPU.ActiveCfg = Release|Any CPU
		{8AAB2294-7232-45A3-86AD-53F6DC3E4D4C}.Release|Any CPU.Build.0 = Release|Any CPU
		{259CAFE8-7749-45F6-981D-1C51AA993850}.Debug|Any CPU.ActiveCfg = Debug|Any CPU
		{259CAFE8-7749-45F6-981D-1C51AA993850}.Debug|Any CPU.Build.0 = Debug|Any CPU
		{259CAFE8-7749-45F6-981D-1C51AA993850}.Release|Any CPU.ActiveCfg = Release|Any CPU
		{259CAFE8-7749-45F6-981D-1C51AA993850}.Release|Any CPU.Build.0 = Release|Any CPU
		{332A4E2B-C93B-4F3F-898C-9B69294E2DA2}.Debug|Any CPU.ActiveCfg = Debug|Any CPU
		{332A4E2B-C93B-4F3F-898C-9B69294E2DA2}.Debug|Any CPU.Build.0 = Debug|Any CPU
		{332A4E2B-C93B-4F3F-898C-9B69294E2DA2}.Release|Any CPU.ActiveCfg = Release|Any CPU
		{332A4E2B-C93B-4F3F-898C-9B69294E2DA2}.Release|Any CPU.Build.0 = Release|Any CPU
		{1976F070-395C-4BEE-A054-8C42737CC944}.Debug|Any CPU.ActiveCfg = Debug|Any CPU
		{1976F070-395C-4BEE-A054-8C42737CC944}.Debug|Any CPU.Build.0 = Debug|Any CPU
		{1976F070-395C-4BEE-A054-8C42737CC944}.Release|Any CPU.ActiveCfg = Release|Any CPU
		{1976F070-395C-4BEE-A054-8C42737CC944}.Release|Any CPU.Build.0 = Release|Any CPU
		{48DEB6BF-7298-4FFF-8BC7-35E418B6AE86}.Debug|Any CPU.ActiveCfg = Debug|Any CPU
		{48DEB6BF-7298-4FFF-8BC7-35E418B6AE86}.Debug|Any CPU.Build.0 = Debug|Any CPU
		{48DEB6BF-7298-4FFF-8BC7-35E418B6AE86}.Release|Any CPU.ActiveCfg = Release|Any CPU
		{48DEB6BF-7298-4FFF-8BC7-35E418B6AE86}.Release|Any CPU.Build.0 = Release|Any CPU
		{ED5CB1D6-3D16-494B-B2BD-3987F7B53D8E}.Debug|Any CPU.ActiveCfg = Debug|Any CPU
		{ED5CB1D6-3D16-494B-B2BD-3987F7B53D8E}.Debug|Any CPU.Build.0 = Debug|Any CPU
		{ED5CB1D6-3D16-494B-B2BD-3987F7B53D8E}.Release|Any CPU.ActiveCfg = Release|Any CPU
		{ED5CB1D6-3D16-494B-B2BD-3987F7B53D8E}.Release|Any CPU.Build.0 = Release|Any CPU
		{241A7991-4BFF-4773-816C-DA771976E583}.Debug|Any CPU.ActiveCfg = Debug|Any CPU
		{241A7991-4BFF-4773-816C-DA771976E583}.Debug|Any CPU.Build.0 = Debug|Any CPU
		{241A7991-4BFF-4773-816C-DA771976E583}.Release|Any CPU.ActiveCfg = Release|Any CPU
		{241A7991-4BFF-4773-816C-DA771976E583}.Release|Any CPU.Build.0 = Release|Any CPU
		{60E21626-5BF9-4FC5-B42F-73161715CC18}.Debug|Any CPU.ActiveCfg = Debug|Any CPU
		{60E21626-5BF9-4FC5-B42F-73161715CC18}.Debug|Any CPU.Build.0 = Debug|Any CPU
		{60E21626-5BF9-4FC5-B42F-73161715CC18}.Release|Any CPU.ActiveCfg = Release|Any CPU
		{60E21626-5BF9-4FC5-B42F-73161715CC18}.Release|Any CPU.Build.0 = Release|Any CPU
		{45F4ACAB-B0B2-4EFE-AD79-51B3A69B5C59}.Debug|Any CPU.ActiveCfg = Debug|Any CPU
		{45F4ACAB-B0B2-4EFE-AD79-51B3A69B5C59}.Debug|Any CPU.Build.0 = Debug|Any CPU
		{45F4ACAB-B0B2-4EFE-AD79-51B3A69B5C59}.Release|Any CPU.ActiveCfg = Release|Any CPU
		{45F4ACAB-B0B2-4EFE-AD79-51B3A69B5C59}.Release|Any CPU.Build.0 = Release|Any CPU
		{8FB285D2-CC86-46E0-9E9C-ECC3456EB434}.Debug|Any CPU.ActiveCfg = Debug|Any CPU
		{8FB285D2-CC86-46E0-9E9C-ECC3456EB434}.Debug|Any CPU.Build.0 = Debug|Any CPU
		{8FB285D2-CC86-46E0-9E9C-ECC3456EB434}.Release|Any CPU.ActiveCfg = Release|Any CPU
		{8FB285D2-CC86-46E0-9E9C-ECC3456EB434}.Release|Any CPU.Build.0 = Release|Any CPU
		{06494AB0-42B9-4C73-B631-7CF2E4334A41}.Debug|Any CPU.ActiveCfg = Debug|Any CPU
		{06494AB0-42B9-4C73-B631-7CF2E4334A41}.Debug|Any CPU.Build.0 = Debug|Any CPU
		{06494AB0-42B9-4C73-B631-7CF2E4334A41}.Release|Any CPU.ActiveCfg = Release|Any CPU
		{06494AB0-42B9-4C73-B631-7CF2E4334A41}.Release|Any CPU.Build.0 = Release|Any CPU
		{E7714EE7-4F60-4D2A-88B6-2BCB7C0DDFF2}.Debug|Any CPU.ActiveCfg = Debug|Any CPU
		{E7714EE7-4F60-4D2A-88B6-2BCB7C0DDFF2}.Debug|Any CPU.Build.0 = Debug|Any CPU
		{E7714EE7-4F60-4D2A-88B6-2BCB7C0DDFF2}.Release|Any CPU.ActiveCfg = Release|Any CPU
		{E7714EE7-4F60-4D2A-88B6-2BCB7C0DDFF2}.Release|Any CPU.Build.0 = Release|Any CPU
		{6FBAB9F9-8F02-4C29-9650-C812DD3D0707}.Debug|Any CPU.ActiveCfg = Debug|Any CPU
		{6FBAB9F9-8F02-4C29-9650-C812DD3D0707}.Debug|Any CPU.Build.0 = Debug|Any CPU
		{6FBAB9F9-8F02-4C29-9650-C812DD3D0707}.Release|Any CPU.ActiveCfg = Release|Any CPU
		{6FBAB9F9-8F02-4C29-9650-C812DD3D0707}.Release|Any CPU.Build.0 = Release|Any CPU
		{CEE58370-4FD1-4F45-9E4B-D5B2761AFB8C}.Debug|Any CPU.ActiveCfg = Debug|Any CPU
		{CEE58370-4FD1-4F45-9E4B-D5B2761AFB8C}.Debug|Any CPU.Build.0 = Debug|Any CPU
		{CEE58370-4FD1-4F45-9E4B-D5B2761AFB8C}.Release|Any CPU.ActiveCfg = Release|Any CPU
		{CEE58370-4FD1-4F45-9E4B-D5B2761AFB8C}.Release|Any CPU.Build.0 = Release|Any CPU
		{B7507C47-67D4-4343-A1AA-F2FB4C9FEF29}.Debug|Any CPU.ActiveCfg = Debug|Any CPU
		{B7507C47-67D4-4343-A1AA-F2FB4C9FEF29}.Debug|Any CPU.Build.0 = Debug|Any CPU
		{B7507C47-67D4-4343-A1AA-F2FB4C9FEF29}.Release|Any CPU.ActiveCfg = Release|Any CPU
		{B7507C47-67D4-4343-A1AA-F2FB4C9FEF29}.Release|Any CPU.Build.0 = Release|Any CPU
	EndGlobalSection
	GlobalSection(SolutionProperties) = preSolution
		HideSolutionNode = FALSE
	EndGlobalSection
EndGlobal
