
Microsoft Visual Studio Solution File, Format Version 12.00
# Visual Studio 15
VisualStudioVersion = 15.0.26430.16
MinimumVisualStudioVersion = 10.0.40219.1
Project("{FAE04EC0-301F-11D3-BF4B-00C04F79EFBC}") = "DSAWorkshop", "DSAWorkshop\DSAWorkshop.csproj", "{8AAB2294-7232-45A3-86AD-53F6DC3E4D4C}"
EndProject
Project("{FAE04EC0-301F-11D3-BF4B-00C04F79EFBC}") = "CokiSkoki", "CokiSkoki\CokiSkoki.csproj", "{259CAFE8-7749-45F6-981D-1C51AA993850}"
EndProject
Project("{FAE04EC0-301F-11D3-BF4B-00C04F79EFBC}") = "MessagesInBottle", "MessagesInBottle\MessagesInBottle.csproj", "{332A4E2B-C93B-4F3F-898C-9B69294E2DA2}"
EndProject
Project("{FAE04EC0-301F-11D3-BF4B-00C04F79EFBC}") = "JediMeditation", "JediMeditation\JediMeditation.csproj", "{1976F070-395C-4BEE-A054-8C42737CC944}"
EndProject
Project("{FAE04EC0-301F-11D3-BF4B-00C04F79EFBC}") = "LargestAreaInMatrix", "LargestAreaInMatrix\LargestAreaInMatrix.csproj", "{48DEB6BF-7298-4FFF-8BC7-35E418B6AE86}"
EndProject
Global
	GlobalSection(SolutionConfigurationPlatforms) = preSolution
		Debug|Any CPU = Debug|Any CPU
		Release|Any CPU = Release|Any CPU
	EndGlobalSection
	GlobalSection(ProjectConfigurationPlatforms) = postSolution
		{8AAB2294-7232-45A3-86AD-53F6DC3E4D4C}.Debug|Any CPU.ActiveCfg = Debug|Any CPU
		{8AAB2294-7232-45A3-86AD-53F6DC3E4D4C}.Debug|Any CPU.Build.0 = Debug|Any CPU
		{8AAB2294-7232-45A3-86AD-53F6DC3E4D4C}.Release|Any CPU.ActiveCfg = Release|Any CPU
		{8AAB2294-7232-45A3-86AD-53F6DC3E4D4C}.Release|Any CPU.Build.0 = Release|Any CPU
		{259CAFE8-7749-45F6-981D-1C51AA993850}.Debug|Any CPU.ActiveCfg = Debug|Any CPU
		{259CAFE8-7749-45F6-981D-1C51AA993850}.Debug|Any CPU.Build.0 = Debug|Any CPU
		{259CAFE8-7749-45F6-981D-1C51AA993850}.Release|Any CPU.ActiveCfg = Release|Any CPU
		{259CAFE8-7749-45F6-981D-1C51AA993850}.Release|Any CPU.Build.0 = Release|Any CPU
		{332A4E2B-C93B-4F3F-898C-9B69294E2DA2}.Debug|Any CPU.ActiveCfg = Debug|Any CPU
		{332A4E2B-C93B-4F3F-898C-9B69294E2DA2}.Debug|Any CPU.Build.0 = Debug|Any CPU
		{332A4E2B-C93B-4F3F-898C-9B69294E2DA2}.Release|Any CPU.ActiveCfg = Release|Any CPU
		{332A4E2B-C93B-4F3F-898C-9B69294E2DA2}.Release|Any CPU.Build.0 = Release|Any CPU
		{1976F070-395C-4BEE-A054-8C42737CC944}.Debug|Any CPU.ActiveCfg = Debug|Any CPU
		{1976F070-395C-4BEE-A054-8C42737CC944}.Debug|Any CPU.Build.0 = Debug|Any CPU
		{1976F070-395C-4BEE-A054-8C42737CC944}.Release|Any CPU.ActiveCfg = Release|Any CPU
		{1976F070-395C-4BEE-A054-8C42737CC944}.Release|Any CPU.Build.0 = Release|Any CPU
		{48DEB6BF-7298-4FFF-8BC7-35E418B6AE86}.Debug|Any CPU.ActiveCfg = Debug|Any CPU
		{48DEB6BF-7298-4FFF-8BC7-35E418B6AE86}.Debug|Any CPU.Build.0 = Debug|Any CPU
		{48DEB6BF-7298-4FFF-8BC7-35E418B6AE86}.Release|Any CPU.ActiveCfg = Release|Any CPU
		{48DEB6BF-7298-4FFF-8BC7-35E418B6AE86}.Release|Any CPU.Build.0 = Release|Any CPU
	EndGlobalSection
	GlobalSection(SolutionProperties) = preSolution
		HideSolutionNode = FALSE
	EndGlobalSection
EndGlobal
